
Microsoft Visual Studio Solution File, Format Version 12.00
# Visual Studio Version 16
VisualStudioVersion = 16.0.31025.194
MinimumVisualStudioVersion = 10.0.40219.1
Project("{9A19103F-16F7-4668-BE54-9A1E7A4F7556}") = "rest-api-net-core", "rest-api-net-core\rest-api-net-core.csproj", "{BDAF2EB4-F86C-401D-9F43-C30B49CAFA99}"
EndProject
Global
	GlobalSection(SolutionConfigurationPlatforms) = preSolution
		Debug|Any CPU = Debug|Any CPU
		Release|Any CPU = Release|Any CPU
	EndGlobalSection
	GlobalSection(ProjectConfigurationPlatforms) = postSolution
		{BDAF2EB4-F86C-401D-9F43-C30B49CAFA99}.Debug|Any CPU.ActiveCfg = Debug|Any CPU
		{BDAF2EB4-F86C-401D-9F43-C30B49CAFA99}.Debug|Any CPU.Build.0 = Debug|Any CPU
		{BDAF2EB4-F86C-401D-9F43-C30B49CAFA99}.Release|Any CPU.ActiveCfg = Release|Any CPU
		{BDAF2EB4-F86C-401D-9F43-C30B49CAFA99}.Release|Any CPU.Build.0 = Release|Any CPU
	EndGlobalSection
	GlobalSection(SolutionProperties) = preSolution
		HideSolutionNode = FALSE
	EndGlobalSection
	GlobalSection(ExtensibilityGlobals) = postSolution
		SolutionGuid = {5430E6AC-1F50-424F-BB37-DB20C9839C0C}
	EndGlobalSection
EndGlobal
